
Microsoft Visual Studio Solution File, Format Version 12.00
# Visual Studio Version 17
VisualStudioVersion = 17.9.34616.47
MinimumVisualStudioVersion = 10.0.40219.1
Project("{FAE04EC0-301F-11D3-BF4B-00C04F79EFBC}") = "tpmodul10_1302223156", "tpmodul10_1302223156\tpmodul10_1302223156.csproj", "{39C3AF89-91B5-45CD-91DE-49F9D5ACB188}"
EndProject
Global
	GlobalSection(SolutionConfigurationPlatforms) = preSolution
		Debug|Any CPU = Debug|Any CPU
		Release|Any CPU = Release|Any CPU
	EndGlobalSection
	GlobalSection(ProjectConfigurationPlatforms) = postSolution
		{39C3AF89-91B5-45CD-91DE-49F9D5ACB188}.Debug|Any CPU.ActiveCfg = Debug|Any CPU
		{39C3AF89-91B5-45CD-91DE-49F9D5ACB188}.Debug|Any CPU.Build.0 = Debug|Any CPU
		{39C3AF89-91B5-45CD-91DE-49F9D5ACB188}.Release|Any CPU.ActiveCfg = Release|Any CPU
		{39C3AF89-91B5-45CD-91DE-49F9D5ACB188}.Release|Any CPU.Build.0 = Release|Any CPU
	EndGlobalSection
	GlobalSection(SolutionProperties) = preSolution
		HideSolutionNode = FALSE
	EndGlobalSection
	GlobalSection(ExtensibilityGlobals) = postSolution
		SolutionGuid = {3F3ED5EE-C883-4AA8-848B-70951BCE9904}
	EndGlobalSection
EndGlobal
